// !$*UTF8*$!
{
	archiveVersion = 1;
	classes = {
	};
	objectVersion = 46;
	objects = {

/* Begin PBXBuildFile section */
		852AE6311DDABFCF00FEAA82 /* AppDelegate.swift in Sources */ = {isa = PBXBuildFile; fileRef = 852AE6301DDABFCF00FEAA82 /* AppDelegate.swift */; };
		852AE6361DDABFCF00FEAA82 /* Main.storyboard in Resources */ = {isa = PBXBuildFile; fileRef = 852AE6341DDABFCF00FEAA82 /* Main.storyboard */; };
		852AE6381DDABFCF00FEAA82 /* Assets.xcassets in Resources */ = {isa = PBXBuildFile; fileRef = 852AE6371DDABFCF00FEAA82 /* Assets.xcassets */; };
		852AE63B1DDABFCF00FEAA82 /* LaunchScreen.storyboard in Resources */ = {isa = PBXBuildFile; fileRef = 852AE6391DDABFCF00FEAA82 /* LaunchScreen.storyboard */; };
		852AE6461DDABFCF00FEAA82 /* FunRunTests.swift in Sources */ = {isa = PBXBuildFile; fileRef = 852AE6451DDABFCF00FEAA82 /* FunRunTests.swift */; };
		852AE6531DDAC11300FEAA82 /* TabViewController.swift in Sources */ = {isa = PBXBuildFile; fileRef = 852AE6521DDAC11300FEAA82 /* TabViewController.swift */; };
		852AE6551DDACCFA00FEAA82 /* StartRunningViewController.swift in Sources */ = {isa = PBXBuildFile; fileRef = 852AE6541DDACCFA00FEAA82 /* StartRunningViewController.swift */; };
		8544D8B01DEA8BAD0019D011 /* DuringRunningViewController.swift in Sources */ = {isa = PBXBuildFile; fileRef = 8544D8AF1DEA8BAD0019D011 /* DuringRunningViewController.swift */; };
		8544D8B21DEA93F20019D011 /* FinishRunningViewController.swift in Sources */ = {isa = PBXBuildFile; fileRef = 8544D8B11DEA93F20019D011 /* FinishRunningViewController.swift */; };
		85ECFFC51DEBA8960058CBA4 /* DispatchTimer.swift in Sources */ = {isa = PBXBuildFile; fileRef = 85ECFFC41DEBA8960058CBA4 /* DispatchTimer.swift */; };
		85ECFFC71DEBB7870058CBA4 /* TimeCount.swift in Sources */ = {isa = PBXBuildFile; fileRef = 85ECFFC61DEBB7870058CBA4 /* TimeCount.swift */; };
		B8702C001DED467400FEB4E8 /* Charts.framework in Frameworks */ = {isa = PBXBuildFile; fileRef = B8702BFB1DED466C00FEB4E8 /* Charts.framework */; };
		B8702C011DED467400FEB4E8 /* Charts.framework in Embed Frameworks */ = {isa = PBXBuildFile; fileRef = B8702BFB1DED466C00FEB4E8 /* Charts.framework */; settings = {ATTRIBUTES = (CodeSignOnCopy, RemoveHeadersOnCopy, ); }; };
		B8DC280D1DED35D100BC38BA /* ActivitiesData.swift in Sources */ = {isa = PBXBuildFile; fileRef = B8DC28031DED35D100BC38BA /* ActivitiesData.swift */; };
		B8DC280E1DED35D100BC38BA /* Stats.storyboard in Resources */ = {isa = PBXBuildFile; fileRef = B8DC28041DED35D100BC38BA /* Stats.storyboard */; };
		B8DC280F1DED35D100BC38BA /* ChartViewController.swift in Sources */ = {isa = PBXBuildFile; fileRef = B8DC28061DED35D100BC38BA /* ChartViewController.swift */; };
		B8DC28101DED35D100BC38BA /* CSwiftV.swift in Sources */ = {isa = PBXBuildFile; fileRef = B8DC28071DED35D100BC38BA /* CSwiftV.swift */; };
		B8DC28111DED35D100BC38BA /* Date+Extra.swift in Sources */ = {isa = PBXBuildFile; fileRef = B8DC28081DED35D100BC38BA /* Date+Extra.swift */; };
		B8DC28121DED35D100BC38BA /* Profile.swift in Sources */ = {isa = PBXBuildFile; fileRef = B8DC28091DED35D100BC38BA /* Profile.swift */; };
		B8DC28131DED35D100BC38BA /* StatsViewController.swift in Sources */ = {isa = PBXBuildFile; fileRef = B8DC280A1DED35D100BC38BA /* StatsViewController.swift */; };
		B8DC28141DED35D100BC38BA /* cardioActivities.csv in Resources */ = {isa = PBXBuildFile; fileRef = B8DC280B1DED35D100BC38BA /* cardioActivities.csv */; };
		B8DC28151DED35D100BC38BA /* ActivityChartView.swift in Sources */ = {isa = PBXBuildFile; fileRef = B8DC280C1DED35D100BC38BA /* ActivityChartView.swift */; };
		B8DC281A1DED3A0A00BC38BA /* NewGoalViewController.swift in Sources */ = {isa = PBXBuildFile; fileRef = B8DC28171DED3A0A00BC38BA /* NewGoalViewController.swift */; };
		B8DC281B1DED3A0A00BC38BA /* ScheduleCell.swift in Sources */ = {isa = PBXBuildFile; fileRef = B8DC28181DED3A0A00BC38BA /* ScheduleCell.swift */; };
		B8DC281C1DED3A0A00BC38BA /* GoalViewController.swift in Sources */ = {isa = PBXBuildFile; fileRef = B8DC28191DED3A0A00BC38BA /* GoalViewController.swift */; };
		B8DC281E1DED3A3800BC38BA /* Goal.storyboard in Resources */ = {isa = PBXBuildFile; fileRef = B8DC281D1DED3A3800BC38BA /* Goal.storyboard */; };
/* End PBXBuildFile section */

/* Begin PBXContainerItemProxy section */
		852AE6421DDABFCF00FEAA82 /* PBXContainerItemProxy */ = {
			isa = PBXContainerItemProxy;
			containerPortal = 852AE6251DDABFCE00FEAA82 /* Project object */;
			proxyType = 1;
			remoteGlobalIDString = 852AE62C1DDABFCF00FEAA82;
			remoteInfo = FunRun;
		};
		B8702BFA1DED466C00FEB4E8 /* PBXContainerItemProxy */ = {
			isa = PBXContainerItemProxy;
			containerPortal = B8702BF41DED466C00FEB4E8 /* Charts.xcodeproj */;
			proxyType = 2;
			remoteGlobalIDString = 06165F241D8110E600722320;
			remoteInfo = Charts;
		};
		B8702BFC1DED466C00FEB4E8 /* PBXContainerItemProxy */ = {
			isa = PBXContainerItemProxy;
			containerPortal = B8702BF41DED466C00FEB4E8 /* Charts.xcodeproj */;
			proxyType = 2;
			remoteGlobalIDString = 06B120D51D811E6200D14B02;
			remoteInfo = ChartsRealm;
		};
		B8702BFE1DED466C00FEB4E8 /* PBXContainerItemProxy */ = {
			isa = PBXContainerItemProxy;
			containerPortal = B8702BF41DED466C00FEB4E8 /* Charts.xcodeproj */;
			proxyType = 2;
			remoteGlobalIDString = 06165F2E1D8110E600722320;
			remoteInfo = ChartsTests;
		};
		B8702C021DED467400FEB4E8 /* PBXContainerItemProxy */ = {
			isa = PBXContainerItemProxy;
			containerPortal = B8702BF41DED466C00FEB4E8 /* Charts.xcodeproj */;
			proxyType = 1;
			remoteGlobalIDString = 06165F231D8110E600722320;
			remoteInfo = Charts;
		};
/* End PBXContainerItemProxy section */

/* Begin PBXCopyFilesBuildPhase section */
		B8702C041DED467400FEB4E8 /* Embed Frameworks */ = {
			isa = PBXCopyFilesBuildPhase;
			buildActionMask = 2147483647;
			dstPath = "";
			dstSubfolderSpec = 10;
			files = (
				B8702C011DED467400FEB4E8 /* Charts.framework in Embed Frameworks */,
			);
			name = "Embed Frameworks";
			runOnlyForDeploymentPostprocessing = 0;
		};
/* End PBXCopyFilesBuildPhase section */

/* Begin PBXFileReference section */
		852AE62D1DDABFCF00FEAA82 /* FunRun.app */ = {isa = PBXFileReference; explicitFileType = wrapper.application; includeInIndex = 0; path = FunRun.app; sourceTree = BUILT_PRODUCTS_DIR; };
		852AE6301DDABFCF00FEAA82 /* AppDelegate.swift */ = {isa = PBXFileReference; lastKnownFileType = sourcecode.swift; path = AppDelegate.swift; sourceTree = "<group>"; };
		852AE6351DDABFCF00FEAA82 /* Base */ = {isa = PBXFileReference; lastKnownFileType = file.storyboard; name = Base; path = Base.lproj/Main.storyboard; sourceTree = "<group>"; };
		852AE6371DDABFCF00FEAA82 /* Assets.xcassets */ = {isa = PBXFileReference; lastKnownFileType = folder.assetcatalog; path = Assets.xcassets; sourceTree = "<group>"; };
		852AE63A1DDABFCF00FEAA82 /* Base */ = {isa = PBXFileReference; lastKnownFileType = file.storyboard; name = Base; path = Base.lproj/LaunchScreen.storyboard; sourceTree = "<group>"; };
		852AE63C1DDABFCF00FEAA82 /* Info.plist */ = {isa = PBXFileReference; lastKnownFileType = text.plist.xml; path = Info.plist; sourceTree = "<group>"; };
		852AE6411DDABFCF00FEAA82 /* FunRunTests.xctest */ = {isa = PBXFileReference; explicitFileType = wrapper.cfbundle; includeInIndex = 0; path = FunRunTests.xctest; sourceTree = BUILT_PRODUCTS_DIR; };
		852AE6451DDABFCF00FEAA82 /* FunRunTests.swift */ = {isa = PBXFileReference; lastKnownFileType = sourcecode.swift; path = FunRunTests.swift; sourceTree = "<group>"; };
		852AE6471DDABFCF00FEAA82 /* Info.plist */ = {isa = PBXFileReference; lastKnownFileType = text.plist.xml; path = Info.plist; sourceTree = "<group>"; };
		852AE6521DDAC11300FEAA82 /* TabViewController.swift */ = {isa = PBXFileReference; fileEncoding = 4; lastKnownFileType = sourcecode.swift; name = TabViewController.swift; path = ViewControllers/TabViewController.swift; sourceTree = "<group>"; };
		852AE6541DDACCFA00FEAA82 /* StartRunningViewController.swift */ = {isa = PBXFileReference; fileEncoding = 4; lastKnownFileType = sourcecode.swift; name = StartRunningViewController.swift; path = ViewControllers/StartRunningViewController.swift; sourceTree = "<group>"; };
		8544D8AF1DEA8BAD0019D011 /* DuringRunningViewController.swift */ = {isa = PBXFileReference; fileEncoding = 4; lastKnownFileType = sourcecode.swift; name = DuringRunningViewController.swift; path = ViewControllers/DuringRunningViewController.swift; sourceTree = "<group>"; };
		8544D8B11DEA93F20019D011 /* FinishRunningViewController.swift */ = {isa = PBXFileReference; fileEncoding = 4; lastKnownFileType = sourcecode.swift; name = FinishRunningViewController.swift; path = ViewControllers/FinishRunningViewController.swift; sourceTree = "<group>"; };
		85ECFFC41DEBA8960058CBA4 /* DispatchTimer.swift */ = {isa = PBXFileReference; fileEncoding = 4; lastKnownFileType = sourcecode.swift; name = DispatchTimer.swift; path = Models/DispatchTimer.swift; sourceTree = "<group>"; };
		85ECFFC61DEBB7870058CBA4 /* TimeCount.swift */ = {isa = PBXFileReference; fileEncoding = 4; lastKnownFileType = sourcecode.swift; name = TimeCount.swift; path = Services/TimeCount.swift; sourceTree = "<group>"; };
		B8702BF41DED466C00FEB4E8 /* Charts.xcodeproj */ = {isa = PBXFileReference; lastKnownFileType = "wrapper.pb-project"; name = Charts.xcodeproj; path = vendor/Charts/Charts.xcodeproj; sourceTree = "<group>"; };
		B8DC28031DED35D100BC38BA /* ActivitiesData.swift */ = {isa = PBXFileReference; fileEncoding = 4; lastKnownFileType = sourcecode.swift; path = ActivitiesData.swift; sourceTree = "<group>"; };
		B8DC28051DED35D100BC38BA /* Base */ = {isa = PBXFileReference; lastKnownFileType = file.storyboard; name = Base; path = Base.lproj/Stats.storyboard; sourceTree = "<group>"; };
		B8DC28061DED35D100BC38BA /* ChartViewController.swift */ = {isa = PBXFileReference; fileEncoding = 4; lastKnownFileType = sourcecode.swift; path = ChartViewController.swift; sourceTree = "<group>"; };
		B8DC28071DED35D100BC38BA /* CSwiftV.swift */ = {isa = PBXFileReference; fileEncoding = 4; lastKnownFileType = sourcecode.swift; path = CSwiftV.swift; sourceTree = "<group>"; };
		B8DC28081DED35D100BC38BA /* Date+Extra.swift */ = {isa = PBXFileReference; fileEncoding = 4; lastKnownFileType = sourcecode.swift; path = "Date+Extra.swift"; sourceTree = "<group>"; };
		B8DC28091DED35D100BC38BA /* Profile.swift */ = {isa = PBXFileReference; fileEncoding = 4; lastKnownFileType = sourcecode.swift; path = Profile.swift; sourceTree = "<group>"; };
		B8DC280A1DED35D100BC38BA /* StatsViewController.swift */ = {isa = PBXFileReference; fileEncoding = 4; lastKnownFileType = sourcecode.swift; path = StatsViewController.swift; sourceTree = "<group>"; };
		B8DC280B1DED35D100BC38BA /* cardioActivities.csv */ = {isa = PBXFileReference; fileEncoding = 4; lastKnownFileType = text; name = cardioActivities.csv; path = "Test Data/cardioActivities.csv"; sourceTree = "<group>"; };
		B8DC280C1DED35D100BC38BA /* ActivityChartView.swift */ = {isa = PBXFileReference; fileEncoding = 4; lastKnownFileType = sourcecode.swift; name = ActivityChartView.swift; path = ViewControllers/ActivityChartView.swift; sourceTree = "<group>"; };
		B8DC28171DED3A0A00BC38BA /* NewGoalViewController.swift */ = {isa = PBXFileReference; fileEncoding = 4; lastKnownFileType = sourcecode.swift; path = NewGoalViewController.swift; sourceTree = "<group>"; };
		B8DC28181DED3A0A00BC38BA /* ScheduleCell.swift */ = {isa = PBXFileReference; fileEncoding = 4; lastKnownFileType = sourcecode.swift; path = ScheduleCell.swift; sourceTree = "<group>"; };
		B8DC28191DED3A0A00BC38BA /* GoalViewController.swift */ = {isa = PBXFileReference; fileEncoding = 4; lastKnownFileType = sourcecode.swift; path = GoalViewController.swift; sourceTree = "<group>"; };
		B8DC281D1DED3A3800BC38BA /* Goal.storyboard */ = {isa = PBXFileReference; fileEncoding = 4; lastKnownFileType = file.storyboard; path = Goal.storyboard; sourceTree = "<group>"; };
/* End PBXFileReference section */

/* Begin PBXFrameworksBuildPhase section */
		852AE62A1DDABFCF00FEAA82 /* Frameworks */ = {
			isa = PBXFrameworksBuildPhase;
			buildActionMask = 2147483647;
			files = (
				B8702C001DED467400FEB4E8 /* Charts.framework in Frameworks */,
			);
			runOnlyForDeploymentPostprocessing = 0;
		};
		852AE63E1DDABFCF00FEAA82 /* Frameworks */ = {
			isa = PBXFrameworksBuildPhase;
			buildActionMask = 2147483647;
			files = (
			);
			runOnlyForDeploymentPostprocessing = 0;
		};
/* End PBXFrameworksBuildPhase section */

/* Begin PBXGroup section */
		852AE6241DDABFCE00FEAA82 = {
			isa = PBXGroup;
			children = (
				B8702BF41DED466C00FEB4E8 /* Charts.xcodeproj */,
				852AE62F1DDABFCF00FEAA82 /* FunRun */,
				852AE6441DDABFCF00FEAA82 /* FunRunTests */,
				852AE62E1DDABFCF00FEAA82 /* Products */,
			);
			sourceTree = "<group>";
		};
		852AE62E1DDABFCF00FEAA82 /* Products */ = {
			isa = PBXGroup;
			children = (
				852AE62D1DDABFCF00FEAA82 /* FunRun.app */,
				852AE6411DDABFCF00FEAA82 /* FunRunTests.xctest */,
			);
			name = Products;
			sourceTree = "<group>";
		};
		852AE62F1DDABFCF00FEAA82 /* FunRun */ = {
			isa = PBXGroup;
			children = (
				B8DC28211DED3C9F00BC38BA /* Utils */,
				B8DC28201DED3C8900BC38BA /* Data */,
				85ECFFC31DEBA84C0058CBA4 /* Services */,
				852AE6511DDAC04200FEAA82 /* Models */,
				852AE6501DDAC03600FEAA82 /* ViewControllers */,
				B8DC28221DED3CBF00BC38BA /* Views */,
				852AE6301DDABFCF00FEAA82 /* AppDelegate.swift */,
				852AE6341DDABFCF00FEAA82 /* Main.storyboard */,
				B8DC28041DED35D100BC38BA /* Stats.storyboard */,
				852AE6371DDABFCF00FEAA82 /* Assets.xcassets */,
				852AE6391DDABFCF00FEAA82 /* LaunchScreen.storyboard */,
				852AE63C1DDABFCF00FEAA82 /* Info.plist */,
				B8DC281D1DED3A3800BC38BA /* Goal.storyboard */,
			);
			path = FunRun;
			sourceTree = "<group>";
		};
		852AE6441DDABFCF00FEAA82 /* FunRunTests */ = {
			isa = PBXGroup;
			children = (
				852AE6451DDABFCF00FEAA82 /* FunRunTests.swift */,
				852AE6471DDABFCF00FEAA82 /* Info.plist */,
			);
			path = FunRunTests;
			sourceTree = "<group>";
		};
		852AE6501DDAC03600FEAA82 /* ViewControllers */ = {
			isa = PBXGroup;
			children = (
				B8DC280A1DED35D100BC38BA /* StatsViewController.swift */,
				B8DC28061DED35D100BC38BA /* ChartViewController.swift */,
				B8DC28191DED3A0A00BC38BA /* GoalViewController.swift */,
				B8DC28181DED3A0A00BC38BA /* ScheduleCell.swift */,
				B8DC28171DED3A0A00BC38BA /* NewGoalViewController.swift */,
				852AE6521DDAC11300FEAA82 /* TabViewController.swift */,
				852AE6541DDACCFA00FEAA82 /* StartRunningViewController.swift */,
				8544D8AF1DEA8BAD0019D011 /* DuringRunningViewController.swift */,
				8544D8B11DEA93F20019D011 /* FinishRunningViewController.swift */,
			);
			name = ViewControllers;
			sourceTree = "<group>";
		};
		852AE6511DDAC04200FEAA82 /* Models */ = {
			isa = PBXGroup;
			children = (
				85ECFFC41DEBA8960058CBA4 /* DispatchTimer.swift */,
			);
			name = Models;
			sourceTree = "<group>";
		};
		85ECFFC31DEBA84C0058CBA4 /* Services */ = {
			isa = PBXGroup;
			children = (
				85ECFFC61DEBB7870058CBA4 /* TimeCount.swift */,
			);
			name = Services;
			sourceTree = "<group>";
		};
		B8702BF51DED466C00FEB4E8 /* Products */ = {
			isa = PBXGroup;
			children = (
				B8702BFB1DED466C00FEB4E8 /* Charts.framework */,
				B8702BFD1DED466C00FEB4E8 /* ChartsRealm.framework */,
				B8702BFF1DED466C00FEB4E8 /* ChartsTests.xctest */,
			);
			name = Products;
			sourceTree = "<group>";
		};
		B8DC28201DED3C8900BC38BA /* Data */ = {
			isa = PBXGroup;
			children = (
				B8DC28091DED35D100BC38BA /* Profile.swift */,
				B8DC280B1DED35D100BC38BA /* cardioActivities.csv */,
				B8DC28031DED35D100BC38BA /* ActivitiesData.swift */,
				B8DC28071DED35D100BC38BA /* CSwiftV.swift */,
			);
			name = Data;
			sourceTree = "<group>";
		};
		B8DC28211DED3C9F00BC38BA /* Utils */ = {
			isa = PBXGroup;
			children = (
				B8DC28081DED35D100BC38BA /* Date+Extra.swift */,
			);
			name = Utils;
			sourceTree = "<group>";
		};
		B8DC28221DED3CBF00BC38BA /* Views */ = {
			isa = PBXGroup;
			children = (
				B8DC280C1DED35D100BC38BA /* ActivityChartView.swift */,
			);
			name = Views;
			sourceTree = "<group>";
		};
/* End PBXGroup section */

/* Begin PBXNativeTarget section */
		852AE62C1DDABFCF00FEAA82 /* FunRun */ = {
			isa = PBXNativeTarget;
			buildConfigurationList = 852AE64A1DDABFCF00FEAA82 /* Build configuration list for PBXNativeTarget "FunRun" */;
			buildPhases = (
				852AE6291DDABFCF00FEAA82 /* Sources */,
				852AE62A1DDABFCF00FEAA82 /* Frameworks */,
				852AE62B1DDABFCF00FEAA82 /* Resources */,
				B8702C041DED467400FEB4E8 /* Embed Frameworks */,
			);
			buildRules = (
			);
			dependencies = (
				B8702C031DED467400FEB4E8 /* PBXTargetDependency */,
			);
			name = FunRun;
			productName = FunRun;
			productReference = 852AE62D1DDABFCF00FEAA82 /* FunRun.app */;
			productType = "com.apple.product-type.application";
		};
		852AE6401DDABFCF00FEAA82 /* FunRunTests */ = {
			isa = PBXNativeTarget;
			buildConfigurationList = 852AE64D1DDABFCF00FEAA82 /* Build configuration list for PBXNativeTarget "FunRunTests" */;
			buildPhases = (
				852AE63D1DDABFCF00FEAA82 /* Sources */,
				852AE63E1DDABFCF00FEAA82 /* Frameworks */,
				852AE63F1DDABFCF00FEAA82 /* Resources */,
			);
			buildRules = (
			);
			dependencies = (
				852AE6431DDABFCF00FEAA82 /* PBXTargetDependency */,
			);
			name = FunRunTests;
			productName = FunRunTests;
			productReference = 852AE6411DDABFCF00FEAA82 /* FunRunTests.xctest */;
			productType = "com.apple.product-type.bundle.unit-test";
		};
/* End PBXNativeTarget section */

/* Begin PBXProject section */
		852AE6251DDABFCE00FEAA82 /* Project object */ = {
			isa = PBXProject;
			attributes = {
				LastSwiftUpdateCheck = 0810;
				LastUpgradeCheck = 0810;
				ORGANIZATIONNAME = SprintCoders;
				TargetAttributes = {
					852AE62C1DDABFCF00FEAA82 = {
						CreatedOnToolsVersion = 8.1;
						DevelopmentTeam = XYNA997C9P;
						ProvisioningStyle = Automatic;
					};
					852AE6401DDABFCF00FEAA82 = {
						CreatedOnToolsVersion = 8.1;
						DevelopmentTeam = XYNA997C9P;
						ProvisioningStyle = Automatic;
						TestTargetID = 852AE62C1DDABFCF00FEAA82;
					};
				};
			};
			buildConfigurationList = 852AE6281DDABFCE00FEAA82 /* Build configuration list for PBXProject "FunRun" */;
			compatibilityVersion = "Xcode 3.2";
			developmentRegion = English;
			hasScannedForEncodings = 0;
			knownRegions = (
				en,
				Base,
			);
			mainGroup = 852AE6241DDABFCE00FEAA82;
			productRefGroup = 852AE62E1DDABFCF00FEAA82 /* Products */;
			projectDirPath = "";
			projectReferences = (
				{
					ProductGroup = B8702BF51DED466C00FEB4E8 /* Products */;
					ProjectRef = B8702BF41DED466C00FEB4E8 /* Charts.xcodeproj */;
				},
			);
			projectRoot = "";
			targets = (
				852AE62C1DDABFCF00FEAA82 /* FunRun */,
				852AE6401DDABFCF00FEAA82 /* FunRunTests */,
			);
		};
/* End PBXProject section */

/* Begin PBXReferenceProxy section */
		B8702BFB1DED466C00FEB4E8 /* Charts.framework */ = {
			isa = PBXReferenceProxy;
			fileType = wrapper.framework;
			path = Charts.framework;
			remoteRef = B8702BFA1DED466C00FEB4E8 /* PBXContainerItemProxy */;
			sourceTree = BUILT_PRODUCTS_DIR;
		};
		B8702BFD1DED466C00FEB4E8 /* ChartsRealm.framework */ = {
			isa = PBXReferenceProxy;
			fileType = wrapper.framework;
			path = ChartsRealm.framework;
			remoteRef = B8702BFC1DED466C00FEB4E8 /* PBXContainerItemProxy */;
			sourceTree = BUILT_PRODUCTS_DIR;
		};
		B8702BFF1DED466C00FEB4E8 /* ChartsTests.xctest */ = {
			isa = PBXReferenceProxy;
			fileType = wrapper.cfbundle;
			path = ChartsTests.xctest;
			remoteRef = B8702BFE1DED466C00FEB4E8 /* PBXContainerItemProxy */;
			sourceTree = BUILT_PRODUCTS_DIR;
		};
/* End PBXReferenceProxy section */

/* Begin PBXResourcesBuildPhase section */
		852AE62B1DDABFCF00FEAA82 /* Resources */ = {
			isa = PBXResourcesBuildPhase;
			buildActionMask = 2147483647;
			files = (
				B8DC28141DED35D100BC38BA /* cardioActivities.csv in Resources */,
				852AE63B1DDABFCF00FEAA82 /* LaunchScreen.storyboard in Resources */,
				852AE6381DDABFCF00FEAA82 /* Assets.xcassets in Resources */,
				B8DC281E1DED3A3800BC38BA /* Goal.storyboard in Resources */,
				B8DC280E1DED35D100BC38BA /* Stats.storyboard in Resources */,
				852AE6361DDABFCF00FEAA82 /* Main.storyboard in Resources */,
			);
			runOnlyForDeploymentPostprocessing = 0;
		};
		852AE63F1DDABFCF00FEAA82 /* Resources */ = {
			isa = PBXResourcesBuildPhase;
			buildActionMask = 2147483647;
			files = (
			);
			runOnlyForDeploymentPostprocessing = 0;
		};
/* End PBXResourcesBuildPhase section */

/* Begin PBXSourcesBuildPhase section */
		852AE6291DDABFCF00FEAA82 /* Sources */ = {
			isa = PBXSourcesBuildPhase;
			buildActionMask = 2147483647;
			files = (
				B8DC28101DED35D100BC38BA /* CSwiftV.swift in Sources */,
				B8DC28121DED35D100BC38BA /* Profile.swift in Sources */,
				852AE6531DDAC11300FEAA82 /* TabViewController.swift in Sources */,
				85ECFFC71DEBB7870058CBA4 /* TimeCount.swift in Sources */,
				85ECFFC51DEBA8960058CBA4 /* DispatchTimer.swift in Sources */,
				852AE6311DDABFCF00FEAA82 /* AppDelegate.swift in Sources */,
				852AE6551DDACCFA00FEAA82 /* StartRunningViewController.swift in Sources */,
				B8DC280F1DED35D100BC38BA /* ChartViewController.swift in Sources */,
				B8DC28131DED35D100BC38BA /* StatsViewController.swift in Sources */,
				B8DC281C1DED3A0A00BC38BA /* GoalViewController.swift in Sources */,
				B8DC281A1DED3A0A00BC38BA /* NewGoalViewController.swift in Sources */,
				B8DC281B1DED3A0A00BC38BA /* ScheduleCell.swift in Sources */,
				8544D8B21DEA93F20019D011 /* FinishRunningViewController.swift in Sources */,
				B8DC28151DED35D100BC38BA /* ActivityChartView.swift in Sources */,
				B8DC280D1DED35D100BC38BA /* ActivitiesData.swift in Sources */,
				B8DC28111DED35D100BC38BA /* Date+Extra.swift in Sources */,
				8544D8B01DEA8BAD0019D011 /* DuringRunningViewController.swift in Sources */,
			);
			runOnlyForDeploymentPostprocessing = 0;
		};
		852AE63D1DDABFCF00FEAA82 /* Sources */ = {
			isa = PBXSourcesBuildPhase;
			buildActionMask = 2147483647;
			files = (
				852AE6461DDABFCF00FEAA82 /* FunRunTests.swift in Sources */,
			);
			runOnlyForDeploymentPostprocessing = 0;
		};
/* End PBXSourcesBuildPhase section */

/* Begin PBXTargetDependency section */
		852AE6431DDABFCF00FEAA82 /* PBXTargetDependency */ = {
			isa = PBXTargetDependency;
			target = 852AE62C1DDABFCF00FEAA82 /* FunRun */;
			targetProxy = 852AE6421DDABFCF00FEAA82 /* PBXContainerItemProxy */;
		};
		B8702C031DED467400FEB4E8 /* PBXTargetDependency */ = {
			isa = PBXTargetDependency;
			name = Charts;
			targetProxy = B8702C021DED467400FEB4E8 /* PBXContainerItemProxy */;
		};
/* End PBXTargetDependency section */

/* Begin PBXVariantGroup section */
		852AE6341DDABFCF00FEAA82 /* Main.storyboard */ = {
			isa = PBXVariantGroup;
			children = (
				852AE6351DDABFCF00FEAA82 /* Base */,
			);
			name = Main.storyboard;
			sourceTree = "<group>";
		};
		852AE6391DDABFCF00FEAA82 /* LaunchScreen.storyboard */ = {
			isa = PBXVariantGroup;
			children = (
				852AE63A1DDABFCF00FEAA82 /* Base */,
			);
			name = LaunchScreen.storyboard;
			sourceTree = "<group>";
		};
		B8DC28041DED35D100BC38BA /* Stats.storyboard */ = {
			isa = PBXVariantGroup;
			children = (
				B8DC28051DED35D100BC38BA /* Base */,
			);
			name = Stats.storyboard;
			sourceTree = "<group>";
		};
/* End PBXVariantGroup section */

/* Begin XCBuildConfiguration section */
		852AE6481DDABFCF00FEAA82 /* Debug */ = {
			isa = XCBuildConfiguration;
			buildSettings = {
				ALWAYS_SEARCH_USER_PATHS = NO;
				CLANG_ANALYZER_NONNULL = YES;
				CLANG_CXX_LANGUAGE_STANDARD = "gnu++0x";
				CLANG_CXX_LIBRARY = "libc++";
				CLANG_ENABLE_MODULES = YES;
				CLANG_ENABLE_OBJC_ARC = YES;
				CLANG_WARN_BOOL_CONVERSION = YES;
				CLANG_WARN_CONSTANT_CONVERSION = YES;
				CLANG_WARN_DIRECT_OBJC_ISA_USAGE = YES_ERROR;
				CLANG_WARN_DOCUMENTATION_COMMENTS = YES;
				CLANG_WARN_EMPTY_BODY = YES;
				CLANG_WARN_ENUM_CONVERSION = YES;
				CLANG_WARN_INFINITE_RECURSION = YES;
				CLANG_WARN_INT_CONVERSION = YES;
				CLANG_WARN_OBJC_ROOT_CLASS = YES_ERROR;
				CLANG_WARN_SUSPICIOUS_MOVES = YES;
				CLANG_WARN_UNREACHABLE_CODE = YES;
				CLANG_WARN__DUPLICATE_METHOD_MATCH = YES;
				"CODE_SIGN_IDENTITY[sdk=iphoneos*]" = "iPhone Developer";
				COPY_PHASE_STRIP = NO;
				DEBUG_INFORMATION_FORMAT = dwarf;
				ENABLE_STRICT_OBJC_MSGSEND = YES;
				ENABLE_TESTABILITY = YES;
				GCC_C_LANGUAGE_STANDARD = gnu99;
				GCC_DYNAMIC_NO_PIC = NO;
				GCC_NO_COMMON_BLOCKS = YES;
				GCC_OPTIMIZATION_LEVEL = 0;
				GCC_PREPROCESSOR_DEFINITIONS = (
					"DEBUG=1",
					"$(inherited)",
				);
				GCC_WARN_64_TO_32_BIT_CONVERSION = YES;
				GCC_WARN_ABOUT_RETURN_TYPE = YES_ERROR;
				GCC_WARN_UNDECLARED_SELECTOR = YES;
				GCC_WARN_UNINITIALIZED_AUTOS = YES_AGGRESSIVE;
				GCC_WARN_UNUSED_FUNCTION = YES;
				GCC_WARN_UNUSED_VARIABLE = YES;
				IPHONEOS_DEPLOYMENT_TARGET = 10.1;
				MTL_ENABLE_DEBUG_INFO = YES;
				ONLY_ACTIVE_ARCH = YES;
				SDKROOT = iphoneos;
				SWIFT_ACTIVE_COMPILATION_CONDITIONS = DEBUG;
				SWIFT_OPTIMIZATION_LEVEL = "-Onone";
				TARGETED_DEVICE_FAMILY = "1,2";
			};
			name = Debug;
		};
		852AE6491DDABFCF00FEAA82 /* Release */ = {
			isa = XCBuildConfiguration;
			buildSettings = {
				ALWAYS_SEARCH_USER_PATHS = NO;
				CLANG_ANALYZER_NONNULL = YES;
				CLANG_CXX_LANGUAGE_STANDARD = "gnu++0x";
				CLANG_CXX_LIBRARY = "libc++";
				CLANG_ENABLE_MODULES = YES;
				CLANG_ENABLE_OBJC_ARC = YES;
				CLANG_WARN_BOOL_CONVERSION = YES;
				CLANG_WARN_CONSTANT_CONVERSION = YES;
				CLANG_WARN_DIRECT_OBJC_ISA_USAGE = YES_ERROR;
				CLANG_WARN_DOCUMENTATION_COMMENTS = YES;
				CLANG_WARN_EMPTY_BODY = YES;
				CLANG_WARN_ENUM_CONVERSION = YES;
				CLANG_WARN_INFINITE_RECURSION = YES;
				CLANG_WARN_INT_CONVERSION = YES;
				CLANG_WARN_OBJC_ROOT_CLASS = YES_ERROR;
				CLANG_WARN_SUSPICIOUS_MOVES = YES;
				CLANG_WARN_UNREACHABLE_CODE = YES;
				CLANG_WARN__DUPLICATE_METHOD_MATCH = YES;
				"CODE_SIGN_IDENTITY[sdk=iphoneos*]" = "iPhone Developer";
				COPY_PHASE_STRIP = NO;
				DEBUG_INFORMATION_FORMAT = "dwarf-with-dsym";
				ENABLE_NS_ASSERTIONS = NO;
				ENABLE_STRICT_OBJC_MSGSEND = YES;
				GCC_C_LANGUAGE_STANDARD = gnu99;
				GCC_NO_COMMON_BLOCKS = YES;
				GCC_WARN_64_TO_32_BIT_CONVERSION = YES;
				GCC_WARN_ABOUT_RETURN_TYPE = YES_ERROR;
				GCC_WARN_UNDECLARED_SELECTOR = YES;
				GCC_WARN_UNINITIALIZED_AUTOS = YES_AGGRESSIVE;
				GCC_WARN_UNUSED_FUNCTION = YES;
				GCC_WARN_UNUSED_VARIABLE = YES;
				IPHONEOS_DEPLOYMENT_TARGET = 10.1;
				MTL_ENABLE_DEBUG_INFO = NO;
				SDKROOT = iphoneos;
				SWIFT_OPTIMIZATION_LEVEL = "-Owholemodule";
				TARGETED_DEVICE_FAMILY = "1,2";
				VALIDATE_PRODUCT = YES;
			};
			name = Release;
		};
		852AE64B1DDABFCF00FEAA82 /* Debug */ = {
			isa = XCBuildConfiguration;
			buildSettings = {
				ALWAYS_EMBED_SWIFT_STANDARD_LIBRARIES = YES;
				ASSETCATALOG_COMPILER_APPICON_NAME = AppIcon;
				DEVELOPMENT_TEAM = XYNA997C9P;
				FRAMEWORK_SEARCH_PATHS = (
					"$(inherited)",
					"$(PROJECT_DIR)",
				);
				INFOPLIST_FILE = FunRun/Info.plist;
				IPHONEOS_DEPLOYMENT_TARGET = 10.0;
				LD_RUNPATH_SEARCH_PATHS = "$(inherited) @executable_path/Frameworks";
				PRODUCT_BUNDLE_IDENTIFIER = com.SprintCoders.FunRun;
				PRODUCT_NAME = "$(TARGET_NAME)";
				SWIFT_VERSION = 3.0;
			};
			name = Debug;
		};
		852AE64C1DDABFCF00FEAA82 /* Release */ = {
			isa = XCBuildConfiguration;
			buildSettings = {
				ALWAYS_EMBED_SWIFT_STANDARD_LIBRARIES = YES;
				ASSETCATALOG_COMPILER_APPICON_NAME = AppIcon;
				DEVELOPMENT_TEAM = XYNA997C9P;
				FRAMEWORK_SEARCH_PATHS = (
					"$(inherited)",
					"$(PROJECT_DIR)",
				);
				INFOPLIST_FILE = FunRun/Info.plist;
				IPHONEOS_DEPLOYMENT_TARGET = 10.0;
				LD_RUNPATH_SEARCH_PATHS = "$(inherited) @executable_path/Frameworks";
				PRODUCT_BUNDLE_IDENTIFIER = com.SprintCoders.FunRun;
				PRODUCT_NAME = "$(TARGET_NAME)";
				SWIFT_VERSION = 3.0;
			};
			name = Release;
		};
		852AE64E1DDABFCF00FEAA82 /* Debug */ = {
			isa = XCBuildConfiguration;
			buildSettings = {
				ALWAYS_EMBED_SWIFT_STANDARD_LIBRARIES = YES;
				BUNDLE_LOADER = "$(TEST_HOST)";
				DEVELOPMENT_TEAM = XYNA997C9P;
				INFOPLIST_FILE = FunRunTests/Info.plist;
				LD_RUNPATH_SEARCH_PATHS = "$(inherited) @executable_path/Frameworks @loader_path/Frameworks";
				PRODUCT_BUNDLE_IDENTIFIER = com.SprintCoders.FunRunTests;
				PRODUCT_NAME = "$(TARGET_NAME)";
				SWIFT_VERSION = 3.0;
				TEST_HOST = "$(BUILT_PRODUCTS_DIR)/FunRun.app/FunRun";
			};
			name = Debug;
		};
		852AE64F1DDABFCF00FEAA82 /* Release */ = {
			isa = XCBuildConfiguration;
			buildSettings = {
				ALWAYS_EMBED_SWIFT_STANDARD_LIBRARIES = YES;
				BUNDLE_LOADER = "$(TEST_HOST)";
				DEVELOPMENT_TEAM = XYNA997C9P;
				INFOPLIST_FILE = FunRunTests/Info.plist;
				LD_RUNPATH_SEARCH_PATHS = "$(inherited) @executable_path/Frameworks @loader_path/Frameworks";
				PRODUCT_BUNDLE_IDENTIFIER = com.SprintCoders.FunRunTests;
				PRODUCT_NAME = "$(TARGET_NAME)";
				SWIFT_VERSION = 3.0;
				TEST_HOST = "$(BUILT_PRODUCTS_DIR)/FunRun.app/FunRun";
			};
			name = Release;
		};
/* End XCBuildConfiguration section */

/* Begin XCConfigurationList section */
		852AE6281DDABFCE00FEAA82 /* Build configuration list for PBXProject "FunRun" */ = {
			isa = XCConfigurationList;
			buildConfigurations = (
				852AE6481DDABFCF00FEAA82 /* Debug */,
				852AE6491DDABFCF00FEAA82 /* Release */,
			);
			defaultConfigurationIsVisible = 0;
			defaultConfigurationName = Release;
		};
		852AE64A1DDABFCF00FEAA82 /* Build configuration list for PBXNativeTarget "FunRun" */ = {
			isa = XCConfigurationList;
			buildConfigurations = (
				852AE64B1DDABFCF00FEAA82 /* Debug */,
				852AE64C1DDABFCF00FEAA82 /* Release */,
			);
			defaultConfigurationIsVisible = 0;
			defaultConfigurationName = Release;
		};
		852AE64D1DDABFCF00FEAA82 /* Build configuration list for PBXNativeTarget "FunRunTests" */ = {
			isa = XCConfigurationList;
			buildConfigurations = (
				852AE64E1DDABFCF00FEAA82 /* Debug */,
				852AE64F1DDABFCF00FEAA82 /* Release */,
			);
			defaultConfigurationIsVisible = 0;
			defaultConfigurationName = Release;
		};
/* End XCConfigurationList section */
	};
	rootObject = 852AE6251DDABFCE00FEAA82 /* Project object */;
}
